<?xml version="1.0" encoding="UTF-8"?>
<CONFIG>
  <ProjectOptions>
    <Version Value="12"/>
    <General>
      <Flags>
        <CompatibilityMode Value="True"/>
      </Flags>
      <SessionStorage Value="InProjectDir"/>
      <Title Value="MarkdownTestProgram"/>
      <ResourceType Value="res"/>
      <UseXPManifest Value="True"/>
      <XPManifest>
        <DpiAware Value="Per-monitor"/>
      </XPManifest>
      <Icon Value="0"/>
    </General>
    <MacroValues Count="1">
      <Macro3 Name="LCLWidgetType" Value="win32"/>
    </MacroValues>
    <BuildModes Count="4">
      <Item1 Name="Win32" Default="True"/>
      <Item2 Name="Win64">
        <MacroValues Count="1">
          <Macro3 Name="LCLWidgetType" Value="win32"/>
        </MacroValues>
        <CompilerOptions>
          <Version Value="11"/>
          <Target>
            <Filename Value="MarkdownTestProgram"/>
          </Target>
          <SearchPaths>
            <IncludeFiles Value="$(ProjOutDir)"/>
            <UnitOutputDirectory Value="lib/$(TargetCPU)-$(TargetOS)"/>
          </SearchPaths>
          <Parsing>
            <SyntaxOptions>
              <SyntaxMode Value="DelphiUnicode"/>
              <UseAnsiStrings Value="False"/>
            </SyntaxOptions>
          </Parsing>
          <CodeGeneration>
            <TargetCPU Value="x86_64"/>
            <TargetOS Value="win64"/>
          </CodeGeneration>
          <Linking>
            <Debugging>
              <DebugInfoType Value="dsDwarf2Set"/>
            </Debugging>
          </Linking>
        </CompilerOptions>
      </Item2>
      <Item3 Name="Linux">
        <MacroValues Count="1">
          <Macro1 Name="LCLWidgetType" Value="gtk2"/>
        </MacroValues>
        <CompilerOptions>
          <Version Value="11"/>
          <Target>
            <Filename Value="MarkdownTestProgram"/>
          </Target>
          <SearchPaths>
            <IncludeFiles Value="$(ProjOutDir)"/>
            <UnitOutputDirectory Value="lib/$(TargetCPU)-$(TargetOS)"/>
          </SearchPaths>
          <Parsing>
            <SyntaxOptions>
              <SyntaxMode Value="DelphiUnicode"/>
              <UseAnsiStrings Value="False"/>
            </SyntaxOptions>
          </Parsing>
          <CodeGeneration>
            <TargetCPU Value="x86_64"/>
            <TargetOS Value="linux"/>
          </CodeGeneration>
          <Linking>
            <Debugging>
              <DebugInfoType Value="dsDwarf2Set"/>
            </Debugging>
            <Options>
              <Win32>
                <GraphicApplication Value="True"/>
              </Win32>
            </Options>
          </Linking>
        </CompilerOptions>
      </Item3>
      <Item4 Name="OSX">
        <MacroValues Count="1">
          <Macro2 Name="LCLWidgetType" Value="cocoa"/>
        </MacroValues>
        <CompilerOptions>
          <Version Value="11"/>
          <Target>
            <Filename Value="MarkdownTestProgram"/>
          </Target>
          <SearchPaths>
            <IncludeFiles Value="$(ProjOutDir)"/>
            <UnitOutputDirectory Value="lib/$(TargetCPU)-$(TargetOS)"/>
          </SearchPaths>
          <Parsing>
            <SyntaxOptions>
              <SyntaxMode Value="DelphiUnicode"/>
              <UseAnsiStrings Value="False"/>
            </SyntaxOptions>
          </Parsing>
          <CodeGeneration>
            <TargetCPU Value="x86_64"/>
            <TargetOS Value="darwin"/>
          </CodeGeneration>
          <Linking>
            <Debugging>
              <DebugInfoType Value="dsDwarf2Set"/>
            </Debugging>
            <Options>
              <Win32>
                <GraphicApplication Value="True"/>
              </Win32>
            </Options>
          </Linking>
        </CompilerOptions>
      </Item4>
      <SharedMatrixOptions Count="3">
        <Item1 ID="140669036254" Modes="Linux" Type="IDEMacro" MacroName="LCLWidgetType" Value="gtk2"/>
        <Item2 ID="214906164495" Modes="OSX" Type="IDEMacro" MacroName="LCLWidgetType" Value="cocoa"/>
        <Item3 ID="236904930848" Modes="Win64,Win32" Type="IDEMacro" MacroName="LCLWidgetType" Value="win32"/>
      </SharedMatrixOptions>
    </BuildModes>
    <PublishOptions>
      <Version Value="2"/>
    </PublishOptions>
    <RunParams>
      <local>
        <CommandLineParams Value="-mdRoot /home/grahame/work/markdown"/>
        <WorkingDirectory Value="/home/grahame/work/markdown"/>
      </local>
      <FormatVersion Value="2"/>
      <Modes Count="4">
        <Mode0 Name="default">
          <local>
            <CommandLineParams Value="-mdRoot /home/grahame/work/markdown"/>
            <WorkingDirectory Value="/home/grahame/work/markdown"/>
          </local>
        </Mode0>
        <Mode1 Name="linux">
          <local>
            <CommandLineParams Value="-mdRoot /home/grahame/work/markdown"/>
            <WorkingDirectory Value="/home/grahame/work/markdown"/>
          </local>
        </Mode1>
        <Mode2 Name="osx">
          <local>
            <CommandLineParams Value="-mdRoot /Users/grahamegrieve/Work/markdown"/>
            <WorkingDirectory Value="/Users/grahamegrieve/Work/markdown"/>
          </local>
        </Mode2>
        <Mode3 Name="windows">
          <local>
            <CommandLineParams Value="-fpc4169C1B6-1D5C-4E4D-A790-8458C64CDA57 -run 0.0.0 -mdRoot C:/work/pascal/markdown"/>
            <WorkingDirectory Value="C:/work/pascal/markdown"/>
          </local>
        </Mode3>
      </Modes>
    </RunParams>
    <RequiredPackages Count="5">
      <Item1>
        <PackageName Value="idetester"/>
      </Item1>
      <Item2>
        <PackageName Value="MarkdownTests"/>
      </Item2>
      <Item3>
        <PackageName Value="MarkdownEngine"/>
      </Item3>
      <Item4>
        <PackageName Value="LCL"/>
      </Item4>
      <Item5>
        <PackageName Value="FCL"/>
      </Item5>
    </RequiredPackages>
    <Units Count="1">
      <Unit0>
        <Filename Value="MarkdownTestProgram.lpr"/>
        <IsPartOfProject Value="True"/>
      </Unit0>
    </Units>
  </ProjectOptions>
  <CompilerOptions>
    <Version Value="11"/>
    <Target>
      <Filename Value="MarkdownTestProgram"/>
    </Target>
    <SearchPaths>
      <IncludeFiles Value="$(ProjOutDir)"/>
      <UnitOutputDirectory Value="lib/$(TargetCPU)-$(TargetOS)"/>
    </SearchPaths>
    <Parsing>
      <SyntaxOptions>
        <SyntaxMode Value="DelphiUnicode"/>
        <UseAnsiStrings Value="False"/>
      </SyntaxOptions>
    </Parsing>
    <CodeGeneration>
      <TargetCPU Value="i386"/>
      <TargetOS Value="win32"/>
    </CodeGeneration>
    <Linking>
      <Debugging>
        <DebugInfoType Value="dsDwarf2Set"/>
      </Debugging>
      <Options>
        <Win32>
          <GraphicApplication Value="True"/>
        </Win32>
      </Options>
    </Linking>
  </CompilerOptions>
  <Debugging>
    <Exceptions Count="6">
      <Item1>
        <Name Value="EAbort"/>
      </Item1>
      <Item2>
        <Name Value="ECodetoolError"/>
      </Item2>
      <Item3>
        <Name Value="EFOpenError"/>
      </Item3>
      <Item4>
        <Name Value="EAssertionFailedError"/>
      </Item4>
      <Item5>
        <Name Value="EConvertError"/>
      </Item5>
      <Item6>
        <Name Value="EReadError"/>
      </Item6>
    </Exceptions>
  </Debugging>
</CONFIG>
